
Microsoft Visual Studio Solution File, Format Version 12.00
# Visual Studio Version 16
VisualStudioVersion = 16.0.31402.337
MinimumVisualStudioVersion = 10.0.40219.1
Project("{9A19103F-16F7-4668-BE54-9A1E7A4F7556}") = "StoreDBContext", "StoreDBContext\StoreDBContext.csproj", "{1918F643-1AA6-4A66-A7AC-1E410E080DFE}"
EndProject
Project("{9A19103F-16F7-4668-BE54-9A1E7A4F7556}") = "Store", "Store\Store.csproj", "{C00F6EEB-9BD6-4E49-8F3C-84A758AAA5D5}"
EndProject
Project("{9A19103F-16F7-4668-BE54-9A1E7A4F7556}") = "StoreTest", "StoreTest\StoreTest.csproj", "{F194C244-1119-4A67-9C24-A999AC0F5C46}"
EndProject
Project("{FAE04EC0-301F-11D3-BF4B-00C04F79EFBC}") = "Test", "Test\Test.csproj", "{E57677DA-D8E1-47DE-B352-FE881FE2E3A1}"
EndProject
Global
	GlobalSection(SolutionConfigurationPlatforms) = preSolution
		Debug|Any CPU = Debug|Any CPU
		Release|Any CPU = Release|Any CPU
	EndGlobalSection
	GlobalSection(ProjectConfigurationPlatforms) = postSolution
		{1918F643-1AA6-4A66-A7AC-1E410E080DFE}.Debug|Any CPU.ActiveCfg = Debug|Any CPU
		{1918F643-1AA6-4A66-A7AC-1E410E080DFE}.Debug|Any CPU.Build.0 = Debug|Any CPU
		{1918F643-1AA6-4A66-A7AC-1E410E080DFE}.Release|Any CPU.ActiveCfg = Release|Any CPU
		{1918F643-1AA6-4A66-A7AC-1E410E080DFE}.Release|Any CPU.Build.0 = Release|Any CPU
		{C00F6EEB-9BD6-4E49-8F3C-84A758AAA5D5}.Debug|Any CPU.ActiveCfg = Debug|Any CPU
		{C00F6EEB-9BD6-4E49-8F3C-84A758AAA5D5}.Debug|Any CPU.Build.0 = Debug|Any CPU
		{C00F6EEB-9BD6-4E49-8F3C-84A758AAA5D5}.Release|Any CPU.ActiveCfg = Release|Any CPU
		{C00F6EEB-9BD6-4E49-8F3C-84A758AAA5D5}.Release|Any CPU.Build.0 = Release|Any CPU
		{F194C244-1119-4A67-9C24-A999AC0F5C46}.Debug|Any CPU.ActiveCfg = Debug|Any CPU
		{F194C244-1119-4A67-9C24-A999AC0F5C46}.Debug|Any CPU.Build.0 = Debug|Any CPU
		{F194C244-1119-4A67-9C24-A999AC0F5C46}.Release|Any CPU.ActiveCfg = Release|Any CPU
		{F194C244-1119-4A67-9C24-A999AC0F5C46}.Release|Any CPU.Build.0 = Release|Any CPU
		{E57677DA-D8E1-47DE-B352-FE881FE2E3A1}.Debug|Any CPU.ActiveCfg = Debug|Any CPU
		{E57677DA-D8E1-47DE-B352-FE881FE2E3A1}.Debug|Any CPU.Build.0 = Debug|Any CPU
		{E57677DA-D8E1-47DE-B352-FE881FE2E3A1}.Release|Any CPU.ActiveCfg = Release|Any CPU
		{E57677DA-D8E1-47DE-B352-FE881FE2E3A1}.Release|Any CPU.Build.0 = Release|Any CPU
	EndGlobalSection
	GlobalSection(SolutionProperties) = preSolution
		HideSolutionNode = FALSE
	EndGlobalSection
	GlobalSection(ExtensibilityGlobals) = postSolution
		SolutionGuid = {1F827731-F728-429B-B073-1BF6A370DC89}
	EndGlobalSection
EndGlobal
